
Microsoft Visual Studio Solution File, Format Version 11.00
# Visual Studio 2010
Project("{8BC9CEB8-8B4A-11D0-8D11-00A0C91BC942}") = "zlibvc", "zlibvc.vcxproj", "{8FD826F8-3739-44E6-8CC8-997122E53B8D}"
EndProject
Global
	GlobalSection(SolutionConfigurationPlatforms) = preSolution
		DLL Debug MD|Win32 = DLL Debug MD|Win32
		DLL Debug MD|x64 = DLL Debug MD|x64
		DLL Debug MT|Win32 = DLL Debug MT|Win32
		DLL Debug MT|x64 = DLL Debug MT|x64
		DLL Release MD|Win32 = DLL Release MD|Win32
		DLL Release MD|x64 = DLL Release MD|x64
		DLL Release MT|Win32 = DLL Release MT|Win32
		DLL Release MT|x64 = DLL Release MT|x64
		LIB Debug MD|Win32 = LIB Debug MD|Win32
		LIB Debug MD|x64 = LIB Debug MD|x64
		LIB Debug MT|Win32 = LIB Debug MT|Win32
		LIB Debug MT|x64 = LIB Debug MT|x64
		LIB Middle MT|Win32 = LIB Middle MT|Win32
		LIB Middle MT|x64 = LIB Middle MT|x64
		LIB Release MD|Win32 = LIB Release MD|Win32
		LIB Release MD|x64 = LIB Release MD|x64
		LIB Release MT|Win32 = LIB Release MT|Win32
		LIB Release MT|x64 = LIB Release MT|x64
	EndGlobalSection
	GlobalSection(ProjectConfigurationPlatforms) = postSolution
		{8FD826F8-3739-44E6-8CC8-997122E53B8D}.DLL Debug MD|Win32.ActiveCfg = DLL Debug MD|Win32
		{8FD826F8-3739-44E6-8CC8-997122E53B8D}.DLL Debug MD|Win32.Build.0 = DLL Debug MD|Win32
		{8FD826F8-3739-44E6-8CC8-997122E53B8D}.DLL Debug MD|x64.ActiveCfg = DLL Debug MD|x64
		{8FD826F8-3739-44E6-8CC8-997122E53B8D}.DLL Debug MD|x64.Build.0 = DLL Debug MD|x64
		{8FD826F8-3739-44E6-8CC8-997122E53B8D}.DLL Debug MT|Win32.ActiveCfg = DLL Debug MT|Win32
		{8FD826F8-3739-44E6-8CC8-997122E53B8D}.DLL Debug MT|Win32.Build.0 = DLL Debug MT|Win32
		{8FD826F8-3739-44E6-8CC8-997122E53B8D}.DLL Debug MT|x64.ActiveCfg = DLL Debug MT|x64
		{8FD826F8-3739-44E6-8CC8-997122E53B8D}.DLL Debug MT|x64.Build.0 = DLL Debug MT|x64
		{8FD826F8-3739-44E6-8CC8-997122E53B8D}.DLL Release MD|Win32.ActiveCfg = DLL Release MD|Win32
		{8FD826F8-3739-44E6-8CC8-997122E53B8D}.DLL Release MD|Win32.Build.0 = DLL Release MD|Win32
		{8FD826F8-3739-44E6-8CC8-997122E53B8D}.DLL Release MD|x64.ActiveCfg = DLL Release MD|x64
		{8FD826F8-3739-44E6-8CC8-997122E53B8D}.DLL Release MD|x64.Build.0 = DLL Release MD|x64
		{8FD826F8-3739-44E6-8CC8-997122E53B8D}.DLL Release MT|Win32.ActiveCfg = DLL Release MT|Win32
		{8FD826F8-3739-44E6-8CC8-997122E53B8D}.DLL Release MT|Win32.Build.0 = DLL Release MT|Win32
		{8FD826F8-3739-44E6-8CC8-997122E53B8D}.DLL Release MT|x64.ActiveCfg = DLL Release MT|x64
		{8FD826F8-3739-44E6-8CC8-997122E53B8D}.DLL Release MT|x64.Build.0 = DLL Release MT|x64
		{8FD826F8-3739-44E6-8CC8-997122E53B8D}.LIB Debug MD|Win32.ActiveCfg = LIB Debug MD|Win32
		{8FD826F8-3739-44E6-8CC8-997122E53B8D}.LIB Debug MD|Win32.Build.0 = LIB Debug MD|Win32
		{8FD826F8-3739-44E6-8CC8-997122E53B8D}.LIB Debug MD|x64.ActiveCfg = LIB Debug MD|x64
		{8FD826F8-3739-44E6-8CC8-997122E53B8D}.LIB Debug MD|x64.Build.0 = LIB Debug MD|x64
		{8FD826F8-3739-44E6-8CC8-997122E53B8D}.LIB Debug MT|Win32.ActiveCfg = LIB Debug MT|Win32
		{8FD826F8-3739-44E6-8CC8-997122E53B8D}.LIB Debug MT|Win32.Build.0 = LIB Debug MT|Win32
		{8FD826F8-3739-44E6-8CC8-997122E53B8D}.LIB Debug MT|x64.ActiveCfg = LIB Debug MT|x64
		{8FD826F8-3739-44E6-8CC8-997122E53B8D}.LIB Debug MT|x64.Build.0 = LIB Debug MT|x64
		{8FD826F8-3739-44E6-8CC8-997122E53B8D}.LIB Middle MT|Win32.ActiveCfg = LIB Middle MT|Win32
		{8FD826F8-3739-44E6-8CC8-997122E53B8D}.LIB Middle MT|Win32.Build.0 = LIB Middle MT|Win32
		{8FD826F8-3739-44E6-8CC8-997122E53B8D}.LIB Middle MT|x64.ActiveCfg = LIB Middle MT|x64
		{8FD826F8-3739-44E6-8CC8-997122E53B8D}.LIB Middle MT|x64.Build.0 = LIB Middle MT|x64
		{8FD826F8-3739-44E6-8CC8-997122E53B8D}.LIB Release MD|Win32.ActiveCfg = LIB Release MD|Win32
		{8FD826F8-3739-44E6-8CC8-997122E53B8D}.LIB Release MD|Win32.Build.0 = LIB Release MD|Win32
		{8FD826F8-3739-44E6-8CC8-997122E53B8D}.LIB Release MD|x64.ActiveCfg = LIB Release MD|x64
		{8FD826F8-3739-44E6-8CC8-997122E53B8D}.LIB Release MD|x64.Build.0 = LIB Release MD|x64
		{8FD826F8-3739-44E6-8CC8-997122E53B8D}.LIB Release MT|Win32.ActiveCfg = LIB Release MT|Win32
		{8FD826F8-3739-44E6-8CC8-997122E53B8D}.LIB Release MT|Win32.Build.0 = LIB Release MT|Win32
		{8FD826F8-3739-44E6-8CC8-997122E53B8D}.LIB Release MT|x64.ActiveCfg = LIB Release MT|x64
		{8FD826F8-3739-44E6-8CC8-997122E53B8D}.LIB Release MT|x64.Build.0 = LIB Release MT|x64
	EndGlobalSection
	GlobalSection(SolutionProperties) = preSolution
		HideSolutionNode = FALSE
	EndGlobalSection
EndGlobal
